// !$*UTF8*$!
{
	archiveVersion = 1;
	classes = {
	};
	objectVersion = 55;
	objects = {

/* Begin PBXBuildFile section */
		E8A0D16B2778AEA20090159E /* Extensions.swift in Sources */ = {isa = PBXBuildFile; fileRef = E8A0D16A2778AEA20090159E /* Extensions.swift */; };
		E8A0D16D2778B4BB0090159E /* SearchResultTableViewCell.swift in Sources */ = {isa = PBXBuildFile; fileRef = E8A0D16C2778B4BB0090159E /* SearchResultTableViewCell.swift */; };
		E8A3765D277875B90047CE4A /* AppDelegate.swift in Sources */ = {isa = PBXBuildFile; fileRef = E8A3765C277875B90047CE4A /* AppDelegate.swift */; };
		E8A37661277875B90047CE4A /* WatchListViewController.swift in Sources */ = {isa = PBXBuildFile; fileRef = E8A37660277875B90047CE4A /* WatchListViewController.swift */; };
		E8A37666277875BA0047CE4A /* Assets.xcassets in Resources */ = {isa = PBXBuildFile; fileRef = E8A37665277875BA0047CE4A /* Assets.xcassets */; };
		E8A37669277875BA0047CE4A /* LaunchScreen.storyboard in Resources */ = {isa = PBXBuildFile; fileRef = E8A37667277875BA0047CE4A /* LaunchScreen.storyboard */; };
		E8A3767627787AFE0047CE4A /* TopStoriesNewsViewController.swift in Sources */ = {isa = PBXBuildFile; fileRef = E8A3767527787AFE0047CE4A /* TopStoriesNewsViewController.swift */; };
		E8A3767827787B160047CE4A /* SearchResultsViewController.swift in Sources */ = {isa = PBXBuildFile; fileRef = E8A3767727787B160047CE4A /* SearchResultsViewController.swift */; };
		E8A3767A27787B290047CE4A /* StockDetailsViewController.swift in Sources */ = {isa = PBXBuildFile; fileRef = E8A3767927787B290047CE4A /* StockDetailsViewController.swift */; };
		E8A3767C277880110047CE4A /* APICaller.swift in Sources */ = {isa = PBXBuildFile; fileRef = E8A3767B277880110047CE4A /* APICaller.swift */; };
		E8A3767E277880310047CE4A /* PersistenceManager.swift in Sources */ = {isa = PBXBuildFile; fileRef = E8A3767D277880310047CE4A /* PersistenceManager.swift */; };
		E8A37680277880500047CE4A /* HapticsManager.swift in Sources */ = {isa = PBXBuildFile; fileRef = E8A3767F277880500047CE4A /* HapticsManager.swift */; };
/* End PBXBuildFile section */

/* Begin PBXFileReference section */
		E8A0D16A2778AEA20090159E /* Extensions.swift */ = {isa = PBXFileReference; lastKnownFileType = sourcecode.swift; path = Extensions.swift; sourceTree = "<group>"; };
		E8A0D16C2778B4BB0090159E /* SearchResultTableViewCell.swift */ = {isa = PBXFileReference; lastKnownFileType = sourcecode.swift; path = SearchResultTableViewCell.swift; sourceTree = "<group>"; };
		E8A37659277875B90047CE4A /* Stocks.app */ = {isa = PBXFileReference; explicitFileType = wrapper.application; includeInIndex = 0; path = Stocks.app; sourceTree = BUILT_PRODUCTS_DIR; };
		E8A3765C277875B90047CE4A /* AppDelegate.swift */ = {isa = PBXFileReference; lastKnownFileType = sourcecode.swift; path = AppDelegate.swift; sourceTree = "<group>"; };
		E8A37660277875B90047CE4A /* WatchListViewController.swift */ = {isa = PBXFileReference; lastKnownFileType = sourcecode.swift; path = WatchListViewController.swift; sourceTree = "<group>"; };
		E8A37665277875BA0047CE4A /* Assets.xcassets */ = {isa = PBXFileReference; lastKnownFileType = folder.assetcatalog; path = Assets.xcassets; sourceTree = "<group>"; };
		E8A37668277875BA0047CE4A /* Base */ = {isa = PBXFileReference; lastKnownFileType = file.storyboard; name = Base; path = Base.lproj/LaunchScreen.storyboard; sourceTree = "<group>"; };
		E8A3766A277875BA0047CE4A /* Info.plist */ = {isa = PBXFileReference; lastKnownFileType = text.plist.xml; path = Info.plist; sourceTree = "<group>"; };
		E8A3767527787AFE0047CE4A /* TopStoriesNewsViewController.swift */ = {isa = PBXFileReference; lastKnownFileType = sourcecode.swift; path = TopStoriesNewsViewController.swift; sourceTree = "<group>"; };
		E8A3767727787B160047CE4A /* SearchResultsViewController.swift */ = {isa = PBXFileReference; lastKnownFileType = sourcecode.swift; path = SearchResultsViewController.swift; sourceTree = "<group>"; };
		E8A3767927787B290047CE4A /* StockDetailsViewController.swift */ = {isa = PBXFileReference; lastKnownFileType = sourcecode.swift; path = StockDetailsViewController.swift; sourceTree = "<group>"; };
		E8A3767B277880110047CE4A /* APICaller.swift */ = {isa = PBXFileReference; lastKnownFileType = sourcecode.swift; path = APICaller.swift; sourceTree = "<group>"; };
		E8A3767D277880310047CE4A /* PersistenceManager.swift */ = {isa = PBXFileReference; lastKnownFileType = sourcecode.swift; path = PersistenceManager.swift; sourceTree = "<group>"; };
		E8A3767F277880500047CE4A /* HapticsManager.swift */ = {isa = PBXFileReference; lastKnownFileType = sourcecode.swift; path = HapticsManager.swift; sourceTree = "<group>"; };
/* End PBXFileReference section */

/* Begin PBXFrameworksBuildPhase section */
		E8A37656277875B90047CE4A /* Frameworks */ = {
			isa = PBXFrameworksBuildPhase;
			buildActionMask = 2147483647;
			files = (
			);
			runOnlyForDeploymentPostprocessing = 0;
		};
/* End PBXFrameworksBuildPhase section */

/* Begin PBXGroup section */
		E8A37650277875B90047CE4A = {
			isa = PBXGroup;
			children = (
				E8A3765B277875B90047CE4A /* Stocks */,
				E8A3765A277875B90047CE4A /* Products */,
			);
			sourceTree = "<group>";
		};
		E8A3765A277875B90047CE4A /* Products */ = {
			isa = PBXGroup;
			children = (
				E8A37659277875B90047CE4A /* Stocks.app */,
			);
			name = Products;
			sourceTree = "<group>";
		};
		E8A3765B277875B90047CE4A /* Stocks */ = {
			isa = PBXGroup;
			children = (
				E8A37673277879D60047CE4A /* Other */,
				E8A37674277879DE0047CE4A /* Managers */,
				E8A37670277879BE0047CE4A /* Controllers */,
				E8A37672277879D00047CE4A /* Views */,
				E8A37671277879C70047CE4A /* Models */,
				E8A3766A277875BA0047CE4A /* Info.plist */,
			);
			path = Stocks;
			sourceTree = "<group>";
		};
		E8A37670277879BE0047CE4A /* Controllers */ = {
			isa = PBXGroup;
			children = (
				E8A37660277875B90047CE4A /* WatchListViewController.swift */,
				E8A3767527787AFE0047CE4A /* TopStoriesNewsViewController.swift */,
				E8A3767727787B160047CE4A /* SearchResultsViewController.swift */,
				E8A3767927787B290047CE4A /* StockDetailsViewController.swift */,
			);
			path = Controllers;
			sourceTree = "<group>";
		};
		E8A37671277879C70047CE4A /* Models */ = {
			isa = PBXGroup;
			children = (
			);
			path = Models;
			sourceTree = "<group>";
		};
		E8A37672277879D00047CE4A /* Views */ = {
			isa = PBXGroup;
			children = (
				E8A37667277875BA0047CE4A /* LaunchScreen.storyboard */,
				E8A0D16C2778B4BB0090159E /* SearchResultTableViewCell.swift */,
			);
			path = Views;
			sourceTree = "<group>";
		};
		E8A37673277879D60047CE4A /* Other */ = {
			isa = PBXGroup;
			children = (
				E8A37665277875BA0047CE4A /* Assets.xcassets */,
				E8A3765C277875B90047CE4A /* AppDelegate.swift */,
				E8A0D16A2778AEA20090159E /* Extensions.swift */,
			);
			path = Other;
			sourceTree = "<group>";
		};
		E8A37674277879DE0047CE4A /* Managers */ = {
			isa = PBXGroup;
			children = (
				E8A3767B277880110047CE4A /* APICaller.swift */,
				E8A3767D277880310047CE4A /* PersistenceManager.swift */,
				E8A3767F277880500047CE4A /* HapticsManager.swift */,
			);
			path = Managers;
			sourceTree = "<group>";
		};
/* End PBXGroup section */

/* Begin PBXNativeTarget section */
		E8A37658277875B90047CE4A /* Stocks */ = {
			isa = PBXNativeTarget;
			buildConfigurationList = E8A3766D277875BA0047CE4A /* Build configuration list for PBXNativeTarget "Stocks" */;
			buildPhases = (
				E8A37655277875B90047CE4A /* Sources */,
				E8A37656277875B90047CE4A /* Frameworks */,
				E8A37657277875B90047CE4A /* Resources */,
			);
			buildRules = (
			);
			dependencies = (
			);
			name = Stocks;
			productName = Stocks;
			productReference = E8A37659277875B90047CE4A /* Stocks.app */;
			productType = "com.apple.product-type.application";
		};
/* End PBXNativeTarget section */

/* Begin PBXProject section */
		E8A37651277875B90047CE4A /* Project object */ = {
			isa = PBXProject;
			attributes = {
				BuildIndependentTargetsInParallel = 1;
				LastSwiftUpdateCheck = 1320;
				LastUpgradeCheck = 1320;
				TargetAttributes = {
					E8A37658277875B90047CE4A = {
						CreatedOnToolsVersion = 13.2;
					};
				};
			};
			buildConfigurationList = E8A37654277875B90047CE4A /* Build configuration list for PBXProject "Stocks" */;
			compatibilityVersion = "Xcode 13.0";
			developmentRegion = en;
			hasScannedForEncodings = 0;
			knownRegions = (
				en,
				Base,
			);
			mainGroup = E8A37650277875B90047CE4A;
			productRefGroup = E8A3765A277875B90047CE4A /* Products */;
			projectDirPath = "";
			projectRoot = "";
			targets = (
				E8A37658277875B90047CE4A /* Stocks */,
			);
		};
/* End PBXProject section */

/* Begin PBXResourcesBuildPhase section */
		E8A37657277875B90047CE4A /* Resources */ = {
			isa = PBXResourcesBuildPhase;
			buildActionMask = 2147483647;
			files = (
				E8A37669277875BA0047CE4A /* LaunchScreen.storyboard in Resources */,
				E8A37666277875BA0047CE4A /* Assets.xcassets in Resources */,
			);
			runOnlyForDeploymentPostprocessing = 0;
		};
/* End PBXResourcesBuildPhase section */

/* Begin PBXSourcesBuildPhase section */
		E8A37655277875B90047CE4A /* Sources */ = {
			isa = PBXSourcesBuildPhase;
			buildActionMask = 2147483647;
			files = (
				E8A37661277875B90047CE4A /* WatchListViewController.swift in Sources */,
				E8A0D16B2778AEA20090159E /* Extensions.swift in Sources */,
				E8A3767E277880310047CE4A /* PersistenceManager.swift in Sources */,
				E8A3767C277880110047CE4A /* APICaller.swift in Sources */,
				E8A3767827787B160047CE4A /* SearchResultsViewController.swift in Sources */,
				E8A3767627787AFE0047CE4A /* TopStoriesNewsViewController.swift in Sources */,
				E8A0D16D2778B4BB0090159E /* SearchResultTableViewCell.swift in Sources */,
				E8A3767A27787B290047CE4A /* StockDetailsViewController.swift in Sources */,
				E8A37680277880500047CE4A /* HapticsManager.swift in Sources */,
				E8A3765D277875B90047CE4A /* AppDelegate.swift in Sources */,
			);
			runOnlyForDeploymentPostprocessing = 0;
		};
/* End PBXSourcesBuildPhase section */

/* Begin PBXVariantGroup section */
		E8A37667277875BA0047CE4A /* LaunchScreen.storyboard */ = {
			isa = PBXVariantGroup;
			children = (
				E8A37668277875BA0047CE4A /* Base */,
			);
			name = LaunchScreen.storyboard;
			sourceTree = "<group>";
		};
/* End PBXVariantGroup section */

/* Begin XCBuildConfiguration section */
		E8A3766B277875BA0047CE4A /* Debug */ = {
			isa = XCBuildConfiguration;
			buildSettings = {
				ALWAYS_SEARCH_USER_PATHS = NO;
				CLANG_ANALYZER_NONNULL = YES;
				CLANG_ANALYZER_NUMBER_OBJECT_CONVERSION = YES_AGGRESSIVE;
				CLANG_CXX_LANGUAGE_STANDARD = "gnu++17";
				CLANG_CXX_LIBRARY = "libc++";
				CLANG_ENABLE_MODULES = YES;
				CLANG_ENABLE_OBJC_ARC = YES;
				CLANG_ENABLE_OBJC_WEAK = YES;
				CLANG_WARN_BLOCK_CAPTURE_AUTORELEASING = YES;
				CLANG_WARN_BOOL_CONVERSION = YES;
				CLANG_WARN_COMMA = YES;
				CLANG_WARN_CONSTANT_CONVERSION = YES;
				CLANG_WARN_DEPRECATED_OBJC_IMPLEMENTATIONS = YES;
				CLANG_WARN_DIRECT_OBJC_ISA_USAGE = YES_ERROR;
				CLANG_WARN_DOCUMENTATION_COMMENTS = YES;
				CLANG_WARN_EMPTY_BODY = YES;
				CLANG_WARN_ENUM_CONVERSION = YES;
				CLANG_WARN_INFINITE_RECURSION = YES;
				CLANG_WARN_INT_CONVERSION = YES;
				CLANG_WARN_NON_LITERAL_NULL_CONVERSION = YES;
				CLANG_WARN_OBJC_IMPLICIT_RETAIN_SELF = YES;
				CLANG_WARN_OBJC_LITERAL_CONVERSION = YES;
				CLANG_WARN_OBJC_ROOT_CLASS = YES_ERROR;
				CLANG_WARN_QUOTED_INCLUDE_IN_FRAMEWORK_HEADER = YES;
				CLANG_WARN_RANGE_LOOP_ANALYSIS = YES;
				CLANG_WARN_STRICT_PROTOTYPES = YES;
				CLANG_WARN_SUSPICIOUS_MOVE = YES;
				CLANG_WARN_UNGUARDED_AVAILABILITY = YES_AGGRESSIVE;
				CLANG_WARN_UNREACHABLE_CODE = YES;
				CLANG_WARN__DUPLICATE_METHOD_MATCH = YES;
				COPY_PHASE_STRIP = NO;
				DEBUG_INFORMATION_FORMAT = dwarf;
				ENABLE_STRICT_OBJC_MSGSEND = YES;
				ENABLE_TESTABILITY = YES;
				GCC_C_LANGUAGE_STANDARD = gnu11;
				GCC_DYNAMIC_NO_PIC = NO;
				GCC_NO_COMMON_BLOCKS = YES;
				GCC_OPTIMIZATION_LEVEL = 0;
				GCC_PREPROCESSOR_DEFINITIONS = (
					"DEBUG=1",
					"$(inherited)",
				);
				GCC_WARN_64_TO_32_BIT_CONVERSION = YES;
				GCC_WARN_ABOUT_RETURN_TYPE = YES_ERROR;
				GCC_WARN_UNDECLARED_SELECTOR = YES;
				GCC_WARN_UNINITIALIZED_AUTOS = YES_AGGRESSIVE;
				GCC_WARN_UNUSED_FUNCTION = YES;
				GCC_WARN_UNUSED_VARIABLE = YES;
				IPHONEOS_DEPLOYMENT_TARGET = 15.2;
				MTL_ENABLE_DEBUG_INFO = INCLUDE_SOURCE;
				MTL_FAST_MATH = YES;
				ONLY_ACTIVE_ARCH = YES;
				SDKROOT = iphoneos;
				SWIFT_ACTIVE_COMPILATION_CONDITIONS = DEBUG;
				SWIFT_OPTIMIZATION_LEVEL = "-Onone";
			};
			name = Debug;
		};
		E8A3766C277875BA0047CE4A /* Release */ = {
			isa = XCBuildConfiguration;
			buildSettings = {
				ALWAYS_SEARCH_USER_PATHS = NO;
				CLANG_ANALYZER_NONNULL = YES;
				CLANG_ANALYZER_NUMBER_OBJECT_CONVERSION = YES_AGGRESSIVE;
				CLANG_CXX_LANGUAGE_STANDARD = "gnu++17";
				CLANG_CXX_LIBRARY = "libc++";
				CLANG_ENABLE_MODULES = YES;
				CLANG_ENABLE_OBJC_ARC = YES;
				CLANG_ENABLE_OBJC_WEAK = YES;
				CLANG_WARN_BLOCK_CAPTURE_AUTORELEASING = YES;
				CLANG_WARN_BOOL_CONVERSION = YES;
				CLANG_WARN_COMMA = YES;
				CLANG_WARN_CONSTANT_CONVERSION = YES;
				CLANG_WARN_DEPRECATED_OBJC_IMPLEMENTATIONS = YES;
				CLANG_WARN_DIRECT_OBJC_ISA_USAGE = YES_ERROR;
				CLANG_WARN_DOCUMENTATION_COMMENTS = YES;
				CLANG_WARN_EMPTY_BODY = YES;
				CLANG_WARN_ENUM_CONVERSION = YES;
				CLANG_WARN_INFINITE_RECURSION = YES;
				CLANG_WARN_INT_CONVERSION = YES;
				CLANG_WARN_NON_LITERAL_NULL_CONVERSION = YES;
				CLANG_WARN_OBJC_IMPLICIT_RETAIN_SELF = YES;
				CLANG_WARN_OBJC_LITERAL_CONVERSION = YES;
				CLANG_WARN_OBJC_ROOT_CLASS = YES_ERROR;
				CLANG_WARN_QUOTED_INCLUDE_IN_FRAMEWORK_HEADER = YES;
				CLANG_WARN_RANGE_LOOP_ANALYSIS = YES;
				CLANG_WARN_STRICT_PROTOTYPES = YES;
				CLANG_WARN_SUSPICIOUS_MOVE = YES;
				CLANG_WARN_UNGUARDED_AVAILABILITY = YES_AGGRESSIVE;
				CLANG_WARN_UNREACHABLE_CODE = YES;
				CLANG_WARN__DUPLICATE_METHOD_MATCH = YES;
				COPY_PHASE_STRIP = NO;
				DEBUG_INFORMATION_FORMAT = "dwarf-with-dsym";
				ENABLE_NS_ASSERTIONS = NO;
				ENABLE_STRICT_OBJC_MSGSEND = YES;
				GCC_C_LANGUAGE_STANDARD = gnu11;
				GCC_NO_COMMON_BLOCKS = YES;
				GCC_WARN_64_TO_32_BIT_CONVERSION = YES;
				GCC_WARN_ABOUT_RETURN_TYPE = YES_ERROR;
				GCC_WARN_UNDECLARED_SELECTOR = YES;
				GCC_WARN_UNINITIALIZED_AUTOS = YES_AGGRESSIVE;
				GCC_WARN_UNUSED_FUNCTION = YES;
				GCC_WARN_UNUSED_VARIABLE = YES;
				IPHONEOS_DEPLOYMENT_TARGET = 15.2;
				MTL_ENABLE_DEBUG_INFO = NO;
				MTL_FAST_MATH = YES;
				SDKROOT = iphoneos;
				SWIFT_COMPILATION_MODE = wholemodule;
				SWIFT_OPTIMIZATION_LEVEL = "-O";
				VALIDATE_PRODUCT = YES;
			};
			name = Release;
		};
		E8A3766E277875BA0047CE4A /* Debug */ = {
			isa = XCBuildConfiguration;
			buildSettings = {
				ASSETCATALOG_COMPILER_APPICON_NAME = AppIcon;
				ASSETCATALOG_COMPILER_GLOBAL_ACCENT_COLOR_NAME = AccentColor;
				CODE_SIGN_STYLE = Automatic;
				CURRENT_PROJECT_VERSION = 1;
				DEVELOPMENT_TEAM = KRS4A3VCQQ;
				GENERATE_INFOPLIST_FILE = YES;
				INFOPLIST_FILE = Stocks/Info.plist;
				INFOPLIST_KEY_UIApplicationSupportsIndirectInputEvents = YES;
				INFOPLIST_KEY_UILaunchStoryboardName = LaunchScreen;
				INFOPLIST_KEY_UISupportedInterfaceOrientations_iPad = "UIInterfaceOrientationPortrait UIInterfaceOrientationPortraitUpsideDown UIInterfaceOrientationLandscapeLeft UIInterfaceOrientationLandscapeRight";
				INFOPLIST_KEY_UISupportedInterfaceOrientations_iPhone = "UIInterfaceOrientationPortrait UIInterfaceOrientationLandscapeLeft UIInterfaceOrientationLandscapeRight";
				LD_RUNPATH_SEARCH_PATHS = (
					"$(inherited)",
					"@executable_path/Frameworks",
				);
				MARKETING_VERSION = 1.0;
				PRODUCT_BUNDLE_IDENTIFIER = aidinahmadian.Stocks.Stocks;
				PRODUCT_NAME = "$(TARGET_NAME)";
				SWIFT_EMIT_LOC_STRINGS = YES;
				SWIFT_VERSION = 5.0;
				TARGETED_DEVICE_FAMILY = "1,2";
			};
			name = Debug;
		};
		E8A3766F277875BA0047CE4A /* Release */ = {
			isa = XCBuildConfiguration;
			buildSettings = {
				ASSETCATALOG_COMPILER_APPICON_NAME = AppIcon;
				ASSETCATALOG_COMPILER_GLOBAL_ACCENT_COLOR_NAME = AccentColor;
				CODE_SIGN_STYLE = Automatic;
				CURRENT_PROJECT_VERSION = 1;
				DEVELOPMENT_TEAM = KRS4A3VCQQ;
				GENERATE_INFOPLIST_FILE = YES;
				INFOPLIST_FILE = Stocks/Info.plist;
				INFOPLIST_KEY_UIApplicationSupportsIndirectInputEvents = YES;
				INFOPLIST_KEY_UILaunchStoryboardName = LaunchScreen;
				INFOPLIST_KEY_UISupportedInterfaceOrientations_iPad = "UIInterfaceOrientationPortrait UIInterfaceOrientationPortraitUpsideDown UIInterfaceOrientationLandscapeLeft UIInterfaceOrientationLandscapeRight";
				INFOPLIST_KEY_UISupportedInterfaceOrientations_iPhone = "UIInterfaceOrientationPortrait UIInterfaceOrientationLandscapeLeft UIInterfaceOrientationLandscapeRight";
				LD_RUNPATH_SEARCH_PATHS = (
					"$(inherited)",
					"@executable_path/Frameworks",
				);
				MARKETING_VERSION = 1.0;
				PRODUCT_BUNDLE_IDENTIFIER = aidinahmadian.Stocks.Stocks;
				PRODUCT_NAME = "$(TARGET_NAME)";
				SWIFT_EMIT_LOC_STRINGS = YES;
				SWIFT_VERSION = 5.0;
				TARGETED_DEVICE_FAMILY = "1,2";
			};
			name = Release;
		};
/* End XCBuildConfiguration section */

/* Begin XCConfigurationList section */
		E8A37654277875B90047CE4A /* Build configuration list for PBXProject "Stocks" */ = {
			isa = XCConfigurationList;
			buildConfigurations = (
				E8A3766B277875BA0047CE4A /* Debug */,
				E8A3766C277875BA0047CE4A /* Release */,
			);
			defaultConfigurationIsVisible = 0;
			defaultConfigurationName = Release;
		};
		E8A3766D277875BA0047CE4A /* Build configuration list for PBXNativeTarget "Stocks" */ = {
			isa = XCConfigurationList;
			buildConfigurations = (
				E8A3766E277875BA0047CE4A /* Debug */,
				E8A3766F277875BA0047CE4A /* Release */,
			);
			defaultConfigurationIsVisible = 0;
			defaultConfigurationName = Release;
		};
/* End XCConfigurationList section */
	};
	rootObject = E8A37651277875B90047CE4A /* Project object */;
}
